
Microsoft Visual Studio Solution File, Format Version 12.00
# Visual Studio 15
VisualStudioVersion = 15.0.28307.960
MinimumVisualStudioVersion = 10.0.40219.1
Project("{FAE04EC0-301F-11D3-BF4B-00C04F79EFBC}") = "ApiOAuth", "ApiOAuth.csproj", "{7123D745-C6DF-427A-88F9-ED61717BD0B6}"
EndProject
Global
	GlobalSection(SolutionConfigurationPlatforms) = preSolution
		Debug|Any CPU = Debug|Any CPU
		Release|Any CPU = Release|Any CPU
	EndGlobalSection
	GlobalSection(ProjectConfigurationPlatforms) = postSolution
		{7123D745-C6DF-427A-88F9-ED61717BD0B6}.Debug|Any CPU.ActiveCfg = Debug|Any CPU
		{7123D745-C6DF-427A-88F9-ED61717BD0B6}.Debug|Any CPU.Build.0 = Debug|Any CPU
		{7123D745-C6DF-427A-88F9-ED61717BD0B6}.Release|Any CPU.ActiveCfg = Release|Any CPU
		{7123D745-C6DF-427A-88F9-ED61717BD0B6}.Release|Any CPU.Build.0 = Release|Any CPU
	EndGlobalSection
	GlobalSection(SolutionProperties) = preSolution
		HideSolutionNode = FALSE
	EndGlobalSection
	GlobalSection(ExtensibilityGlobals) = postSolution
		SolutionGuid = {A3FC8487-8996-438B-8831-2FECBCADF880}
	EndGlobalSection
EndGlobal
